{
  "name": "lionrock-sample",
  "version": "1.0.0",
  "lockfileVersion": 3,
  "requires": true,
  "packages": {
    "": {
      "name": "lionrock-sample",
      "version": "1.0.0",
      "license": "ISC",
      "dependencies": {
        "@lionrockjs/mvc": "^1.1.0",
        "@lionrockjs/platform-web-fastify": "^1.0.0",
        "dotenv": "^16.3.1",
        "mime": "^3.0.0",
        "sortablejs": "^1.15.2"
      }
    },
    "../../adapter/database/better-sqlite3": {
      "name": "@lionrockjs/adapter-database-better-sqlite3",
      "version": "1.0.0",
      "extraneous": true,
      "license": "MIT",
      "dependencies": {
        "better-sqlite3": "^8.2.0"
      }
    },
    "../../adapter/platform/fastify/platform": {
      "name": "@lionrockjs/platform-web-fastify",
      "version": "1.0.0",
      "license": "MIT",
      "dependencies": {
        "@fastify/cookie": "^8.3.0",
        "@fastify/express": "^2.3.0",
        "@fastify/formbody": "^7.4.0",
        "@fastify/static": "^6.9.0",
        "fastify": "^4.14.1"
      }
    },
    "../../adapter/view/liquid": {
      "name": "@lionrockjs/adapter-view-liquid",
      "version": "1.0.0",
      "extraneous": true,
      "license": "MIT",
      "dependencies": {
        "liquidjs": "^10.10.1"
      }
    },
    "../../system/central": {
      "name": "@lionrockjs/central",
      "version": "1.0.0",
      "extraneous": true,
      "license": "MIT"
    },
    "../../system/mvc": {
      "name": "@lionrockjs/mvc",
      "version": "1.1.0",
      "license": "MIT"
    },
    "../mixins/orm": {
      "name": "@lionrockjs/mixin-orm",
      "version": "1.0.0",
      "extraneous": true,
      "license": "MIT"
    },
    "../modules/admin": {
      "name": "@lionrockjs/mod-admin",
      "version": "1.0.0",
      "extraneous": true,
      "license": "MIT",
      "dependencies": {
        "camelize": "^1.0.1",
        "csv-parse": "^5.3.6",
        "decamelize": "^6.0.0"
      },
      "devDependencies": {}
    },
    "../modules/auth": {
      "name": "@lionrockjs/mod-auth",
      "version": "1.0.0",
      "extraneous": true,
      "license": "GPL-3.0-or-later"
    },
    "../modules/crypto": {
      "name": "@lionrockjs/mod-crypto",
      "version": "1.0.0",
      "extraneous": true,
      "license": "MIT"
    },
    "../modules/form": {
      "name": "@lionrockjs/mod-form",
      "version": "1.0.0",
      "extraneous": true,
      "license": "MIT",
      "dependencies": {
        "busboy": "^1.6.0"
      }
    },
    "../modules/session": {
      "name": "@lionrockjs/mod-session",
      "version": "1.0.0",
      "extraneous": true,
      "license": "MIT"
    },
    "node_modules/@lionrockjs/mvc": {
      "resolved": "../../system/mvc",
      "link": true
    },
    "node_modules/@lionrockjs/platform-web-fastify": {
      "resolved": "../../adapter/platform/fastify/platform",
      "link": true
    },
    "node_modules/dotenv": {
      "version": "16.4.5",
      "license": "BSD-2-Clause",
      "engines": {
        "node": ">=12"
      },
      "funding": {
        "url": "https://dotenvx.com"
      }
    },
    "node_modules/mime": {
      "version": "3.0.0",
      "license": "MIT",
      "bin": {
        "mime": "cli.js"
      },
      "engines": {
        "node": ">=10.0.0"
      }
    },
    "node_modules/sortablejs": {
      "version": "1.15.2",
      "resolved": "https://registry.npmjs.org/sortablejs/-/sortablejs-1.15.2.tgz",
      "integrity": "sha512-FJF5jgdfvoKn1MAKSdGs33bIqLi3LmsgVTliuX6iITj834F+JRQZN90Z93yql8h0K2t0RwDPBmxwlbZfDcxNZA=="
    }
  }
}
